// !$*UTF8*$!
{
	archiveVersion = 1;
	classes = {
	};
	objectVersion = 50;
	objects = {

/* Begin PBXBuildFile section */
		7F5CD929245A46EF00056376 /* AppDelegate.swift in Sources */ = {isa = PBXBuildFile; fileRef = 7F5CD928245A46EF00056376 /* AppDelegate.swift */; };
		7F5CD92B245A46EF00056376 /* SceneDelegate.swift in Sources */ = {isa = PBXBuildFile; fileRef = 7F5CD92A245A46EF00056376 /* SceneDelegate.swift */; };
		7F5CD930245A46EF00056376 /* Main.storyboard in Resources */ = {isa = PBXBuildFile; fileRef = 7F5CD92E245A46EF00056376 /* Main.storyboard */; };
		7F5CD932245A46F400056376 /* Assets.xcassets in Resources */ = {isa = PBXBuildFile; fileRef = 7F5CD931245A46F400056376 /* Assets.xcassets */; };
		7F5CD935245A46F400056376 /* LaunchScreen.storyboard in Resources */ = {isa = PBXBuildFile; fileRef = 7F5CD933245A46F400056376 /* LaunchScreen.storyboard */; };
		7F5CD93D245A474400056376 /* QuestionDataManager.swift in Sources */ = {isa = PBXBuildFile; fileRef = 7F5CD93C245A474400056376 /* QuestionDataManager.swift */; };
		7F5CD93F245A4A0600056376 /* StartViewController.swift in Sources */ = {isa = PBXBuildFile; fileRef = 7F5CD93E245A4A0600056376 /* StartViewController.swift */; };
		7F5CD941245A4FA100056376 /* Singleton.swift in Sources */ = {isa = PBXBuildFile; fileRef = 7F5CD940245A4FA100056376 /* Singleton.swift */; };
		7F5CD944245A8A9700056376 /* AudioToolbox.framework in Frameworks */ = {isa = PBXBuildFile; fileRef = 7F5CD943245A8A9700056376 /* AudioToolbox.framework */; };
		7F5CD946245A8AB700056376 /* QuestionViewController.swift in Sources */ = {isa = PBXBuildFile; fileRef = 7F5CD945245A8AB700056376 /* QuestionViewController.swift */; };
		7F5CD948245A933100056376 /* ResultViewController.swift in Sources */ = {isa = PBXBuildFile; fileRef = 7F5CD947245A933100056376 /* ResultViewController.swift */; };
		7F5CD950245A97A400056376 /* １年動物.csv in Resources */ = {isa = PBXBuildFile; fileRef = 7F5CD949245A97A300056376 /* １年動物.csv */; };
		7F5CD951245A97A400056376 /* correct@2x.png in Resources */ = {isa = PBXBuildFile; fileRef = 7F5CD94A245A97A300056376 /* correct@2x.png */; };
		7F5CD952245A97A400056376 /* １年物理.csv in Resources */ = {isa = PBXBuildFile; fileRef = 7F5CD94B245A97A300056376 /* １年物理.csv */; };
		7F5CD953245A97A400056376 /* incorrect@2x.png in Resources */ = {isa = PBXBuildFile; fileRef = 7F5CD94C245A97A400056376 /* incorrect@2x.png */; };
		7F5CD954245A97A400056376 /* １年地学.csv in Resources */ = {isa = PBXBuildFile; fileRef = 7F5CD94D245A97A400056376 /* １年地学.csv */; };
		7F5CD955245A97A400056376 /* １年化学.csv in Resources */ = {isa = PBXBuildFile; fileRef = 7F5CD94E245A97A400056376 /* １年化学.csv */; };
		7F5CD958245A97F100056376 /* １年植物.csv in Resources */ = {isa = PBXBuildFile; fileRef = 7F5CD957245A97F100056376 /* １年植物.csv */; };
/* End PBXBuildFile section */

/* Begin PBXFileReference section */
		7F5CD925245A46EF00056376 /* BasicWord.app */ = {isa = PBXFileReference; explicitFileType = wrapper.application; includeInIndex = 0; path = BasicWord.app; sourceTree = BUILT_PRODUCTS_DIR; };
		7F5CD928245A46EF00056376 /* AppDelegate.swift */ = {isa = PBXFileReference; lastKnownFileType = sourcecode.swift; path = AppDelegate.swift; sourceTree = "<group>"; };
		7F5CD92A245A46EF00056376 /* SceneDelegate.swift */ = {isa = PBXFileReference; lastKnownFileType = sourcecode.swift; path = SceneDelegate.swift; sourceTree = "<group>"; };
		7F5CD92F245A46EF00056376 /* Base */ = {isa = PBXFileReference; lastKnownFileType = file.storyboard; name = Base; path = Base.lproj/Main.storyboard; sourceTree = "<group>"; };
		7F5CD931245A46F400056376 /* Assets.xcassets */ = {isa = PBXFileReference; lastKnownFileType = folder.assetcatalog; path = Assets.xcassets; sourceTree = "<group>"; };
		7F5CD934245A46F400056376 /* Base */ = {isa = PBXFileReference; lastKnownFileType = file.storyboard; name = Base; path = Base.lproj/LaunchScreen.storyboard; sourceTree = "<group>"; };
		7F5CD936245A46F400056376 /* Info.plist */ = {isa = PBXFileReference; lastKnownFileType = text.plist.xml; path = Info.plist; sourceTree = "<group>"; };
		7F5CD93C245A474400056376 /* QuestionDataManager.swift */ = {isa = PBXFileReference; lastKnownFileType = sourcecode.swift; path = QuestionDataManager.swift; sourceTree = "<group>"; };
		7F5CD93E245A4A0600056376 /* StartViewController.swift */ = {isa = PBXFileReference; lastKnownFileType = sourcecode.swift; path = StartViewController.swift; sourceTree = "<group>"; };
		7F5CD940245A4FA100056376 /* Singleton.swift */ = {isa = PBXFileReference; lastKnownFileType = sourcecode.swift; path = Singleton.swift; sourceTree = "<group>"; };
		7F5CD943245A8A9700056376 /* AudioToolbox.framework */ = {isa = PBXFileReference; lastKnownFileType = wrapper.framework; name = AudioToolbox.framework; path = System/Library/Frameworks/AudioToolbox.framework; sourceTree = SDKROOT; };
		7F5CD945245A8AB700056376 /* QuestionViewController.swift */ = {isa = PBXFileReference; lastKnownFileType = sourcecode.swift; path = QuestionViewController.swift; sourceTree = "<group>"; };
		7F5CD947245A933100056376 /* ResultViewController.swift */ = {isa = PBXFileReference; lastKnownFileType = sourcecode.swift; path = ResultViewController.swift; sourceTree = "<group>"; };
		7F5CD949245A97A300056376 /* １年動物.csv */ = {isa = PBXFileReference; fileEncoding = 4; lastKnownFileType = text; path = "１年動物.csv"; sourceTree = "<group>"; };
		7F5CD94A245A97A300056376 /* correct@2x.png */ = {isa = PBXFileReference; lastKnownFileType = image.png; path = "correct@2x.png"; sourceTree = "<group>"; };
		7F5CD94B245A97A300056376 /* １年物理.csv */ = {isa = PBXFileReference; fileEncoding = 4; lastKnownFileType = text; path = "１年物理.csv"; sourceTree = "<group>"; };
		7F5CD94C245A97A400056376 /* incorrect@2x.png */ = {isa = PBXFileReference; lastKnownFileType = image.png; path = "incorrect@2x.png"; sourceTree = "<group>"; };
		7F5CD94D245A97A400056376 /* １年地学.csv */ = {isa = PBXFileReference; fileEncoding = 4; lastKnownFileType = text; path = "１年地学.csv"; sourceTree = "<group>"; };
		7F5CD94E245A97A400056376 /* １年化学.csv */ = {isa = PBXFileReference; fileEncoding = 4; lastKnownFileType = text; path = "１年化学.csv"; sourceTree = "<group>"; };
		7F5CD957245A97F100056376 /* １年植物.csv */ = {isa = PBXFileReference; fileEncoding = 4; lastKnownFileType = text; path = "１年植物.csv"; sourceTree = "<group>"; };
/* End PBXFileReference section */

/* Begin PBXFrameworksBuildPhase section */
		7F5CD922245A46EF00056376 /* Frameworks */ = {
			isa = PBXFrameworksBuildPhase;
			buildActionMask = 2147483647;
			files = (
				7F5CD944245A8A9700056376 /* AudioToolbox.framework in Frameworks */,
			);
			runOnlyForDeploymentPostprocessing = 0;
		};
/* End PBXFrameworksBuildPhase section */

/* Begin PBXGroup section */
		7F5CD91C245A46EF00056376 = {
			isa = PBXGroup;
			children = (
				7F5CD927245A46EF00056376 /* BasicWord */,
				7F5CD926245A46EF00056376 /* Products */,
				7F5CD942245A8A9700056376 /* Frameworks */,
			);
			sourceTree = "<group>";
		};
		7F5CD926245A46EF00056376 /* Products */ = {
			isa = PBXGroup;
			children = (
				7F5CD925245A46EF00056376 /* BasicWord.app */,
			);
			name = Products;
			sourceTree = "<group>";
		};
		7F5CD927245A46EF00056376 /* BasicWord */ = {
			isa = PBXGroup;
			children = (
				7F5CD928245A46EF00056376 /* AppDelegate.swift */,
				7F5CD92A245A46EF00056376 /* SceneDelegate.swift */,
				7F5CD93E245A4A0600056376 /* StartViewController.swift */,
				7F5CD92E245A46EF00056376 /* Main.storyboard */,
				7F5CD93C245A474400056376 /* QuestionDataManager.swift */,
				7F5CD945245A8AB700056376 /* QuestionViewController.swift */,
				7F5CD947245A933100056376 /* ResultViewController.swift */,
				7F5CD940245A4FA100056376 /* Singleton.swift */,
				7F5CD931245A46F400056376 /* Assets.xcassets */,
				7F5CD94E245A97A400056376 /* １年化学.csv */,
				7F5CD957245A97F100056376 /* １年植物.csv */,
				7F5CD94D245A97A400056376 /* １年地学.csv */,
				7F5CD949245A97A300056376 /* １年動物.csv */,
				7F5CD94B245A97A300056376 /* １年物理.csv */,
				7F5CD94A245A97A300056376 /* correct@2x.png */,
				7F5CD94C245A97A400056376 /* incorrect@2x.png */,
				7F5CD933245A46F400056376 /* LaunchScreen.storyboard */,
				7F5CD936245A46F400056376 /* Info.plist */,
			);
			path = BasicWord;
			sourceTree = "<group>";
		};
		7F5CD942245A8A9700056376 /* Frameworks */ = {
			isa = PBXGroup;
			children = (
				7F5CD943245A8A9700056376 /* AudioToolbox.framework */,
			);
			name = Frameworks;
			sourceTree = "<group>";
		};
/* End PBXGroup section */

/* Begin PBXNativeTarget section */
		7F5CD924245A46EF00056376 /* BasicWord */ = {
			isa = PBXNativeTarget;
			buildConfigurationList = 7F5CD939245A46F400056376 /* Build configuration list for PBXNativeTarget "BasicWord" */;
			buildPhases = (
				7F5CD921245A46EF00056376 /* Sources */,
				7F5CD922245A46EF00056376 /* Frameworks */,
				7F5CD923245A46EF00056376 /* Resources */,
			);
			buildRules = (
			);
			dependencies = (
			);
			name = BasicWord;
			productName = BasicWord;
			productReference = 7F5CD925245A46EF00056376 /* BasicWord.app */;
			productType = "com.apple.product-type.application";
		};
/* End PBXNativeTarget section */

/* Begin PBXProject section */
		7F5CD91D245A46EF00056376 /* Project object */ = {
			isa = PBXProject;
			attributes = {
				LastSwiftUpdateCheck = 1140;
				LastUpgradeCheck = 1140;
				ORGANIZATIONNAME = "森部高昌";
				TargetAttributes = {
					7F5CD924245A46EF00056376 = {
						CreatedOnToolsVersion = 11.4.1;
					};
				};
			};
			buildConfigurationList = 7F5CD920245A46EF00056376 /* Build configuration list for PBXProject "BasicWord" */;
			compatibilityVersion = "Xcode 9.3";
			developmentRegion = en;
			hasScannedForEncodings = 0;
			knownRegions = (
				en,
				Base,
			);
			mainGroup = 7F5CD91C245A46EF00056376;
			productRefGroup = 7F5CD926245A46EF00056376 /* Products */;
			projectDirPath = "";
			projectRoot = "";
			targets = (
				7F5CD924245A46EF00056376 /* BasicWord */,
			);
		};
/* End PBXProject section */

/* Begin PBXResourcesBuildPhase section */
		7F5CD923245A46EF00056376 /* Resources */ = {
			isa = PBXResourcesBuildPhase;
			buildActionMask = 2147483647;
			files = (
				7F5CD935245A46F400056376 /* LaunchScreen.storyboard in Resources */,
				7F5CD950245A97A400056376 /* １年動物.csv in Resources */,
				7F5CD952245A97A400056376 /* １年物理.csv in Resources */,
				7F5CD953245A97A400056376 /* incorrect@2x.png in Resources */,
				7F5CD958245A97F100056376 /* １年植物.csv in Resources */,
				7F5CD932245A46F400056376 /* Assets.xcassets in Resources */,
				7F5CD954245A97A400056376 /* １年地学.csv in Resources */,
				7F5CD930245A46EF00056376 /* Main.storyboard in Resources */,
				7F5CD951245A97A400056376 /* correct@2x.png in Resources */,
				7F5CD955245A97A400056376 /* １年化学.csv in Resources */,
			);
			runOnlyForDeploymentPostprocessing = 0;
		};
/* End PBXResourcesBuildPhase section */

/* Begin PBXSourcesBuildPhase section */
		7F5CD921245A46EF00056376 /* Sources */ = {
			isa = PBXSourcesBuildPhase;
			buildActionMask = 2147483647;
			files = (
				7F5CD93F245A4A0600056376 /* StartViewController.swift in Sources */,
				7F5CD93D245A474400056376 /* QuestionDataManager.swift in Sources */,
				7F5CD948245A933100056376 /* ResultViewController.swift in Sources */,
				7F5CD946245A8AB700056376 /* QuestionViewController.swift in Sources */,
				7F5CD929245A46EF00056376 /* AppDelegate.swift in Sources */,
				7F5CD941245A4FA100056376 /* Singleton.swift in Sources */,
				7F5CD92B245A46EF00056376 /* SceneDelegate.swift in Sources */,
			);
			runOnlyForDeploymentPostprocessing = 0;
		};
/* End PBXSourcesBuildPhase section */

/* Begin PBXVariantGroup section */
		7F5CD92E245A46EF00056376 /* Main.storyboard */ = {
			isa = PBXVariantGroup;
			children = (
				7F5CD92F245A46EF00056376 /* Base */,
			);
			name = Main.storyboard;
			sourceTree = "<group>";
		};
		7F5CD933245A46F400056376 /* LaunchScreen.storyboard */ = {
			isa = PBXVariantGroup;
			children = (
				7F5CD934245A46F400056376 /* Base */,
			);
			name = LaunchScreen.storyboard;
			sourceTree = "<group>";
		};
/* End PBXVariantGroup section */

/* Begin XCBuildConfiguration section */
		7F5CD937245A46F400056376 /* Debug */ = {
			isa = XCBuildConfiguration;
			buildSettings = {
				ALWAYS_SEARCH_USER_PATHS = NO;
				CLANG_ANALYZER_NONNULL = YES;
				CLANG_ANALYZER_NUMBER_OBJECT_CONVERSION = YES_AGGRESSIVE;
				CLANG_CXX_LANGUAGE_STANDARD = "gnu++14";
				CLANG_CXX_LIBRARY = "libc++";
				CLANG_ENABLE_MODULES = YES;
				CLANG_ENABLE_OBJC_ARC = YES;
				CLANG_ENABLE_OBJC_WEAK = YES;
				CLANG_WARN_BLOCK_CAPTURE_AUTORELEASING = YES;
				CLANG_WARN_BOOL_CONVERSION = YES;
				CLANG_WARN_COMMA = YES;
				CLANG_WARN_CONSTANT_CONVERSION = YES;
				CLANG_WARN_DEPRECATED_OBJC_IMPLEMENTATIONS = YES;
				CLANG_WARN_DIRECT_OBJC_ISA_USAGE = YES_ERROR;
				CLANG_WARN_DOCUMENTATION_COMMENTS = YES;
				CLANG_WARN_EMPTY_BODY = YES;
				CLANG_WARN_ENUM_CONVERSION = YES;
				CLANG_WARN_INFINITE_RECURSION = YES;
				CLANG_WARN_INT_CONVERSION = YES;
				CLANG_WARN_NON_LITERAL_NULL_CONVERSION = YES;
				CLANG_WARN_OBJC_IMPLICIT_RETAIN_SELF = YES;
				CLANG_WARN_OBJC_LITERAL_CONVERSION = YES;
				CLANG_WARN_OBJC_ROOT_CLASS = YES_ERROR;
				CLANG_WARN_RANGE_LOOP_ANALYSIS = YES;
				CLANG_WARN_STRICT_PROTOTYPES = YES;
				CLANG_WARN_SUSPICIOUS_MOVE = YES;
				CLANG_WARN_UNGUARDED_AVAILABILITY = YES_AGGRESSIVE;
				CLANG_WARN_UNREACHABLE_CODE = YES;
				CLANG_WARN__DUPLICATE_METHOD_MATCH = YES;
				COPY_PHASE_STRIP = NO;
				DEBUG_INFORMATION_FORMAT = dwarf;
				ENABLE_STRICT_OBJC_MSGSEND = YES;
				ENABLE_TESTABILITY = YES;
				GCC_C_LANGUAGE_STANDARD = gnu11;
				GCC_DYNAMIC_NO_PIC = NO;
				GCC_NO_COMMON_BLOCKS = YES;
				GCC_OPTIMIZATION_LEVEL = 0;
				GCC_PREPROCESSOR_DEFINITIONS = (
					"DEBUG=1",
					"$(inherited)",
				);
				GCC_WARN_64_TO_32_BIT_CONVERSION = YES;
				GCC_WARN_ABOUT_RETURN_TYPE = YES_ERROR;
				GCC_WARN_UNDECLARED_SELECTOR = YES;
				GCC_WARN_UNINITIALIZED_AUTOS = YES_AGGRESSIVE;
				GCC_WARN_UNUSED_FUNCTION = YES;
				GCC_WARN_UNUSED_VARIABLE = YES;
				IPHONEOS_DEPLOYMENT_TARGET = 13.4;
				MTL_ENABLE_DEBUG_INFO = INCLUDE_SOURCE;
				MTL_FAST_MATH = YES;
				ONLY_ACTIVE_ARCH = YES;
				SDKROOT = iphoneos;
				SWIFT_ACTIVE_COMPILATION_CONDITIONS = DEBUG;
				SWIFT_OPTIMIZATION_LEVEL = "-Onone";
			};
			name = Debug;
		};
		7F5CD938245A46F400056376 /* Release */ = {
			isa = XCBuildConfiguration;
			buildSettings = {
				ALWAYS_SEARCH_USER_PATHS = NO;
				CLANG_ANALYZER_NONNULL = YES;
				CLANG_ANALYZER_NUMBER_OBJECT_CONVERSION = YES_AGGRESSIVE;
				CLANG_CXX_LANGUAGE_STANDARD = "gnu++14";
				CLANG_CXX_LIBRARY = "libc++";
				CLANG_ENABLE_MODULES = YES;
				CLANG_ENABLE_OBJC_ARC = YES;
				CLANG_ENABLE_OBJC_WEAK = YES;
				CLANG_WARN_BLOCK_CAPTURE_AUTORELEASING = YES;
				CLANG_WARN_BOOL_CONVERSION = YES;
				CLANG_WARN_COMMA = YES;
				CLANG_WARN_CONSTANT_CONVERSION = YES;
				CLANG_WARN_DEPRECATED_OBJC_IMPLEMENTATIONS = YES;
				CLANG_WARN_DIRECT_OBJC_ISA_USAGE = YES_ERROR;
				CLANG_WARN_DOCUMENTATION_COMMENTS = YES;
				CLANG_WARN_EMPTY_BODY = YES;
				CLANG_WARN_ENUM_CONVERSION = YES;
				CLANG_WARN_INFINITE_RECURSION = YES;
				CLANG_WARN_INT_CONVERSION = YES;
				CLANG_WARN_NON_LITERAL_NULL_CONVERSION = YES;
				CLANG_WARN_OBJC_IMPLICIT_RETAIN_SELF = YES;
				CLANG_WARN_OBJC_LITERAL_CONVERSION = YES;
				CLANG_WARN_OBJC_ROOT_CLASS = YES_ERROR;
				CLANG_WARN_RANGE_LOOP_ANALYSIS = YES;
				CLANG_WARN_STRICT_PROTOTYPES = YES;
				CLANG_WARN_SUSPICIOUS_MOVE = YES;
				CLANG_WARN_UNGUARDED_AVAILABILITY = YES_AGGRESSIVE;
				CLANG_WARN_UNREACHABLE_CODE = YES;
				CLANG_WARN__DUPLICATE_METHOD_MATCH = YES;
				COPY_PHASE_STRIP = NO;
				DEBUG_INFORMATION_FORMAT = "dwarf-with-dsym";
				ENABLE_NS_ASSERTIONS = NO;
				ENABLE_STRICT_OBJC_MSGSEND = YES;
				GCC_C_LANGUAGE_STANDARD = gnu11;
				GCC_NO_COMMON_BLOCKS = YES;
				GCC_WARN_64_TO_32_BIT_CONVERSION = YES;
				GCC_WARN_ABOUT_RETURN_TYPE = YES_ERROR;
				GCC_WARN_UNDECLARED_SELECTOR = YES;
				GCC_WARN_UNINITIALIZED_AUTOS = YES_AGGRESSIVE;
				GCC_WARN_UNUSED_FUNCTION = YES;
				GCC_WARN_UNUSED_VARIABLE = YES;
				IPHONEOS_DEPLOYMENT_TARGET = 13.4;
				MTL_ENABLE_DEBUG_INFO = NO;
				MTL_FAST_MATH = YES;
				SDKROOT = iphoneos;
				SWIFT_COMPILATION_MODE = wholemodule;
				SWIFT_OPTIMIZATION_LEVEL = "-O";
				VALIDATE_PRODUCT = YES;
			};
			name = Release;
		};
		7F5CD93A245A46F400056376 /* Debug */ = {
			isa = XCBuildConfiguration;
			buildSettings = {
				ASSETCATALOG_COMPILER_APPICON_NAME = AppIcon;
				CODE_SIGN_STYLE = Automatic;
				DEVELOPMENT_TEAM = SWH2R7NJX7;
				INFOPLIST_FILE = BasicWord/Info.plist;
				LD_RUNPATH_SEARCH_PATHS = (
					"$(inherited)",
					"@executable_path/Frameworks",
				);
				PRODUCT_BUNDLE_IDENTIFIER = "com.nifty-bxi00673.BasicWord";
				PRODUCT_NAME = "$(TARGET_NAME)";
				SWIFT_VERSION = 5.0;
				TARGETED_DEVICE_FAMILY = "1,2";
			};
			name = Debug;
		};
		7F5CD93B245A46F400056376 /* Release */ = {
			isa = XCBuildConfiguration;
			buildSettings = {
				ASSETCATALOG_COMPILER_APPICON_NAME = AppIcon;
				CODE_SIGN_STYLE = Automatic;
				DEVELOPMENT_TEAM = SWH2R7NJX7;
				INFOPLIST_FILE = BasicWord/Info.plist;
				LD_RUNPATH_SEARCH_PATHS = (
					"$(inherited)",
					"@executable_path/Frameworks",
				);
				PRODUCT_BUNDLE_IDENTIFIER = "com.nifty-bxi00673.BasicWord";
				PRODUCT_NAME = "$(TARGET_NAME)";
				SWIFT_VERSION = 5.0;
				TARGETED_DEVICE_FAMILY = "1,2";
			};
			name = Release;
		};
/* End XCBuildConfiguration section */

/* Begin XCConfigurationList section */
		7F5CD920245A46EF00056376 /* Build configuration list for PBXProject "BasicWord" */ = {
			isa = XCConfigurationList;
			buildConfigurations = (
				7F5CD937245A46F400056376 /* Debug */,
				7F5CD938245A46F400056376 /* Release */,
			);
			defaultConfigurationIsVisible = 0;
			defaultConfigurationName = Release;
		};
		7F5CD939245A46F400056376 /* Build configuration list for PBXNativeTarget "BasicWord" */ = {
			isa = XCConfigurationList;
			buildConfigurations = (
				7F5CD93A245A46F400056376 /* Debug */,
				7F5CD93B245A46F400056376 /* Release */,
			);
			defaultConfigurationIsVisible = 0;
			defaultConfigurationName = Release;
		};
/* End XCConfigurationList section */
	};
	rootObject = 7F5CD91D245A46EF00056376 /* Project object */;
}
